[[package]]
name = "certifi"
version = "2022.6.15"
description = "Python package for providing Mozilla's CA Bundle."
category = "main"
optional = false
python-versions = ">=3.6"

[[package]]
name = "cffi"
version = "1.15.1"
description = "Foreign Function Interface for Python calling C code."
category = "main"
optional = false
python-versions = "*"

[package.dependencies]
pycparser = "*"

[[package]]
name = "charset-normalizer"
version = "2.1.0"
description = "The Real First Universal Charset Detector. Open, modern and actively maintained alternative to Chardet."
category = "main"
optional = false
python-versions = ">=3.6.0"

[package.extras]
unicode_backport = ["unicodedata2"]

[[package]]
name = "cryptography"
version = "37.0.4"
description = "cryptography is a package which provides cryptographic recipes and primitives to Python developers."
category = "main"
optional = false
python-versions = ">=3.6"

[package.dependencies]
cffi = ">=1.12"

[package.extras]
docs = ["sphinx (>=1.6.5,!=1.8.0,!=3.1.0,!=3.1.1)", "sphinx-rtd-theme"]
docstest = ["pyenchant (>=1.6.11)", "twine (>=1.12.0)", "sphinxcontrib-spelling (>=4.0.1)"]
pep8test = ["black", "flake8", "flake8-import-order", "pep8-naming"]
sdist = ["setuptools_rust (>=0.11.4)"]
ssh = ["bcrypt (>=3.1.5)"]
test = ["pytest (>=6.2.0)", "pytest-benchmark", "pytest-cov", "pytest-subtests", "pytest-xdist", "pretend", "iso8601", "pytz", "hypothesis (>=1.11.4,!=3.79.2)"]

[[package]]
name = "graphviz"
version = "0.20"
description = "Simple Python interface for Graphviz"
category = "main"
optional = false
python-versions = ">=3.7"

[package.extras]
dev = ["tox (>=3)", "flake8", "pep8-naming", "wheel", "twine"]
docs = ["sphinx (>=4)", "sphinx-autodoc-typehints", "sphinx-rtd-theme"]
test = ["pytest (>=7)", "pytest-mock (>=3)", "mock (>=4)", "pytest-cov", "coverage"]

[[package]]
name = "idna"
version = "3.3"
description = "Internationalized Domain Names in Applications (IDNA)"
category = "main"
optional = false
python-versions = ">=3.5"

[[package]]
name = "importlib-metadata"
version = "4.12.0"
description = "Read metadata from Python packages"
category = "main"
optional = false
python-versions = ">=3.7"

[package.dependencies]
zipp = ">=0.5"

[package.extras]
docs = ["sphinx", "jaraco.packaging (>=9)", "rst.linker (>=1.9)"]
perf = ["ipython"]
testing = ["pytest (>=6)", "pytest-checkdocs (>=2.4)", "pytest-flake8", "pytest-cov", "pytest-enabler (>=1.3)", "packaging", "pyfakefs", "flufl.flake8", "pytest-perf (>=0.9.2)", "pytest-black (>=0.3.7)", "pytest-mypy (>=0.9.1)", "importlib-resources (>=1.3)"]

[[package]]
name = "jeepney"
version = "0.8.0"
description = "Low-level, pure Python DBus protocol wrapper."
category = "main"
optional = false
python-versions = ">=3.7"

[package.extras]
test = ["pytest", "pytest-trio", "pytest-asyncio (>=0.17)", "testpath", "trio", "async-timeout"]
trio = ["trio", "async-generator"]

[[package]]
name = "jinja2"
version = "3.1.2"
description = "A very fast and expressive template engine."
category = "main"
optional = false
python-versions = ">=3.7"

[package.dependencies]
MarkupSafe = ">=2.0"

[package.extras]
i18n = ["Babel (>=2.7)"]

[[package]]
name = "keyring"
version = "23.7.0"
description = "Store and access your passwords safely."
category = "main"
optional = false
python-versions = ">=3.7"

[package.dependencies]
importlib-metadata = {version = ">=3.6", markers = "python_version < \"3.10\""}
jeepney = {version = ">=0.4.2", markers = "sys_platform == \"linux\""}
pywin32-ctypes = {version = "<0.1.0 || >0.1.0,<0.1.1 || >0.1.1", markers = "sys_platform == \"win32\""}
SecretStorage = {version = ">=3.2", markers = "sys_platform == \"linux\""}

[package.extras]
docs = ["sphinx", "jaraco.packaging (>=9)", "rst.linker (>=1.9)", "jaraco.tidelift (>=1.4)"]
testing = ["pytest (>=6)", "pytest-checkdocs (>=2.4)", "pytest-flake8", "pytest-cov", "pytest-enabler (>=1.3)", "pytest-black (>=0.3.7)", "pytest-mypy (>=0.9.1)"]

[[package]]
name = "keyrings.alt"
version = "4.1.1"
description = "Alternate keyring implementations"
category = "main"
optional = false
python-versions = ">=3.7"

[package.extras]
docs = ["sphinx", "jaraco.packaging (>=9)", "rst.linker (>=1.9)", "jaraco.tidelift (>=1.4)"]
testing = ["pytest (>=6)", "pytest-checkdocs (>=2.4)", "pytest-flake8", "pytest-cov", "pytest-enabler (>=1.3)", "backports.unittest-mock", "keyring (>=20)", "fs (>=0.5,<3)", "pycryptodomex", "pytest-black (>=0.3.7)", "pytest-mypy (>=0.9.1)", "gdata", "python-keyczar"]

[[package]]
name = "lark-parser"
version = "0.12.0"
description = "a modern parsing library"
category = "main"
optional = false
python-versions = "*"

[package.extras]
atomic_cache = ["atomicwrites"]
nearley = ["js2py"]
regex = ["regex"]

[[package]]
name = "markupsafe"
version = "2.1.1"
description = "Safely add untrusted strings to HTML/XML markup."
category = "main"
optional = false
python-versions = ">=3.7"

[[package]]
name = "mpmath"
version = "1.2.1"
description = "Python library for arbitrary-precision floating-point arithmetic"
category = "main"
optional = false
python-versions = "*"

[package.extras]
develop = ["pytest (>=4.6)", "pycodestyle", "pytest-cov", "codecov", "wheel"]
tests = ["pytest (>=4.6)"]

[[package]]
name = "nest-asyncio"
version = "1.5.5"
description = "Patch asyncio to allow nested event loops"
category = "main"
optional = false
python-versions = ">=3.5"

[[package]]
name = "networkx"
version = "2.8.5"
description = "Python package for creating and manipulating graphs and networks"
category = "main"
optional = false
python-versions = ">=3.8"

[package.extras]
default = ["numpy (>=1.19)", "scipy (>=1.8)", "matplotlib (>=3.4)", "pandas (>=1.3)"]
developer = ["pre-commit (>=2.19)", "mypy (>=0.960)"]
doc = ["sphinx (>=5)", "pydata-sphinx-theme (>=0.9)", "sphinx-gallery (>=0.10)", "numpydoc (>=1.4)", "pillow (>=9.1)", "nb2plots (>=0.6)", "texext (>=0.6.6)"]
extra = ["lxml (>=4.6)", "pygraphviz (>=1.9)", "pydot (>=1.4.2)", "sympy (>=1.10)"]
test = ["pytest (>=7.1)", "pytest-cov (>=3.0)", "codecov (>=2.1)"]

[[package]]
name = "numpy"
version = "1.23.1"
description = "NumPy is the fundamental package for array computing with Python."
category = "main"
optional = false
python-versions = ">=3.8"

[[package]]
name = "pycparser"
version = "2.21"
description = "C parser in Python"
category = "main"
optional = false
python-versions = ">=2.7, !=3.0.*, !=3.1.*, !=3.2.*, !=3.3.*"

[[package]]
name = "pyjwt"
version = "2.4.0"
description = "JSON Web Token implementation in Python"
category = "main"
optional = false
python-versions = ">=3.6"

[package.extras]
crypto = ["cryptography (>=3.3.1)"]
dev = ["sphinx", "sphinx-rtd-theme", "zope.interface", "cryptography (>=3.3.1)", "pytest (>=6.0.0,<7.0.0)", "coverage[toml] (==5.0.4)", "mypy", "pre-commit"]
docs = ["sphinx", "sphinx-rtd-theme", "zope.interface"]
tests = ["pytest (>=6.0.0,<7.0.0)", "coverage[toml] (==5.0.4)"]

[[package]]
name = "pyqir"
version = "0.4.2a1"
description = "PyQIR - set of APIs for generating, parsing, and evaluating Quantum Intermediate Representation (QIR)"
category = "main"
optional = false
python-versions = ">=3.6"

[package.dependencies]
pyqir-evaluator = ">=0.4.2a1"
pyqir-generator = ">=0.4.2a1"
pyqir-parser = ">=0.4.2a1"

[[package]]
name = "pyqir-evaluator"
version = "0.5.0a1"
description = "Python based QIR Evaluation (JIT) library."
category = "main"
optional = false
python-versions = ">=3.6"

[[package]]
name = "pyqir-generator"
version = "0.5.0a1"
description = "Python based QIR generator library."
category = "main"
optional = false
python-versions = ">=3.6"

[[package]]
name = "pyqir-parser"
version = "0.5.0a1"
description = "Python based QIR parser library."
category = "main"
optional = false
python-versions = ">=3.6"

[[package]]
name = "pytket"
version = "1.5.0rc0"
description = "Python module for interfacing with the CQC tket library of quantum software"
category = "main"
optional = false
python-versions = ">=3.8"

[package.dependencies]
graphviz = ">=0.14,<1.0"
jinja2 = ">=3.0,<4.0"
lark-parser = ">=0.7,<1.0"
networkx = ">=2.4,<3.0"
numpy = ">=1.21.4,<2.0"
scipy = ">=1.7.2,<2.0"
sympy = ">=1.6,<2.0"
types-pkg-resources = "*"
typing-extensions = ">=4.2,<5.0"

[[package]]
name = "pywin32-ctypes"
version = "0.2.0"
description = ""
category = "main"
optional = false
python-versions = "*"

[[package]]
name = "requests"
version = "2.28.1"
description = "Python HTTP for Humans."
category = "main"
optional = false
python-versions = ">=3.7, <4"

[package.dependencies]
certifi = ">=2017.4.17"
charset-normalizer = ">=2,<3"
idna = ">=2.5,<4"
urllib3 = ">=1.21.1,<1.27"

[package.extras]
socks = ["PySocks (>=1.5.6,!=1.5.7)"]
use_chardet_on_py3 = ["chardet (>=3.0.2,<6)"]

[[package]]
name = "scipy"
version = "1.8.1"
description = "SciPy: Scientific Library for Python"
category = "main"
optional = false
python-versions = ">=3.8,<3.11"

[package.dependencies]
numpy = ">=1.17.3,<1.25.0"

[[package]]
name = "secretstorage"
version = "3.3.2"
description = "Python bindings to FreeDesktop.org Secret Service API"
category = "main"
optional = false
python-versions = ">=3.6"

[package.dependencies]
cryptography = ">=2.0"
jeepney = ">=0.6"

[[package]]
name = "sympy"
version = "1.10.1"
description = "Computer algebra system (CAS) in Python"
category = "main"
optional = false
python-versions = ">=3.7"

[package.dependencies]
mpmath = ">=0.19"

[[package]]
name = "types-pkg-resources"
version = "0.1.3"
description = "Typing stubs for pkg_resources"
category = "main"
optional = false
python-versions = "*"

[[package]]
name = "typing-extensions"
version = "4.3.0"
description = "Backported and Experimental Type Hints for Python 3.7+"
category = "main"
optional = false
python-versions = ">=3.7"

[[package]]
name = "urllib3"
version = "1.26.10"
description = "HTTP library with thread-safe connection pooling, file post, and more."
category = "main"
optional = false
python-versions = ">=2.7, !=3.0.*, !=3.1.*, !=3.2.*, !=3.3.*, !=3.4.*, !=3.5.*, <4"

[package.extras]
brotli = ["brotlicffi (>=0.8.0)", "brotli (>=1.0.9)", "brotlipy (>=0.6.0)"]
secure = ["pyOpenSSL (>=0.14)", "cryptography (>=1.3.4)", "idna (>=2.0.0)", "certifi", "ipaddress"]
socks = ["PySocks (>=1.5.6,!=1.5.7,<2.0)"]

[[package]]
name = "websockets"
version = "10.3"
description = "An implementation of the WebSocket Protocol (RFC 6455 & 7692)"
category = "main"
optional = false
python-versions = ">=3.7"

[[package]]
name = "zipp"
version = "3.8.1"
description = "Backport of pathlib-compatible object wrapper for zip files"
category = "main"
optional = false
python-versions = ">=3.7"

[package.extras]
docs = ["sphinx", "jaraco.packaging (>=9)", "rst.linker (>=1.9)", "jaraco.tidelift (>=1.4)"]
testing = ["pytest (>=6)", "pytest-checkdocs (>=2.4)", "pytest-flake8", "pytest-cov", "pytest-enabler (>=1.3)", "jaraco.itertools", "func-timeout", "pytest-black (>=0.3.7)", "pytest-mypy (>=0.9.1)"]

[metadata]
lock-version = "1.1"
python-versions = ">=3.8,<3.11"
content-hash = "88aa319acb1c5c9df594c929cdc5970794e09882d1742061b4265c0b0638ffca"

[metadata.files]
certifi = [
    {file = "certifi-2022.6.15-py3-none-any.whl", hash = "sha256:fe86415d55e84719d75f8b69414f6438ac3547d2078ab91b67e779ef69378412"},
    {file = "certifi-2022.6.15.tar.gz", hash = "sha256:84c85a9078b11105f04f3036a9482ae10e4621616db313fe045dd24743a0820d"},
]
cffi = []
charset-normalizer = []
cryptography = []
graphviz = [
    {file = "graphviz-0.20-py3-none-any.whl", hash = "sha256:62c5f48bcc534a45b4588c548ff75e419c1f1f3a33d31a91796ae80a7f581e4a"},
    {file = "graphviz-0.20.zip", hash = "sha256:76bdfb73f42e72564ffe9c7299482f9d72f8e6cb8d54bce7b48ab323755e9ba5"},
]
idna = [
    {file = "idna-3.3-py3-none-any.whl", hash = "sha256:84d9dd047ffa80596e0f246e2eab0b391788b0503584e8945f2368256d2735ff"},
    {file = "idna-3.3.tar.gz", hash = "sha256:9d643ff0a55b762d5cdb124b8eaa99c66322e2157b69160bc32796e824360e6d"},
]
importlib-metadata = [
    {file = "importlib_metadata-4.12.0-py3-none-any.whl", hash = "sha256:7401a975809ea1fdc658c3aa4f78cc2195a0e019c5cbc4c06122884e9ae80c23"},
    {file = "importlib_metadata-4.12.0.tar.gz", hash = "sha256:637245b8bab2b6502fcbc752cc4b7a6f6243bb02b31c5c26156ad103d3d45670"},
]
jeepney = [
    {file = "jeepney-0.8.0-py3-none-any.whl", hash = "sha256:c0a454ad016ca575060802ee4d590dd912e35c122fa04e70306de3d076cce755"},
    {file = "jeepney-0.8.0.tar.gz", hash = "sha256:5efe48d255973902f6badc3ce55e2aa6c5c3b3bc642059ef3a91247bcfcc5806"},
]
jinja2 = [
    {file = "Jinja2-3.1.2-py3-none-any.whl", hash = "sha256:6088930bfe239f0e6710546ab9c19c9ef35e29792895fed6e6e31a023a182a61"},
    {file = "Jinja2-3.1.2.tar.gz", hash = "sha256:31351a702a408a9e7595a8fc6150fc3f43bb6bf7e319770cbc0db9df9437e852"},
]
keyring = []
"keyrings.alt" = []
lark-parser = [
    {file = "lark-parser-0.12.0.tar.gz", hash = "sha256:15967db1f1214013dca65b1180745047b9be457d73da224fcda3d9dd4e96a138"},
    {file = "lark_parser-0.12.0-py2.py3-none-any.whl", hash = "sha256:0eaf30cb5ba787fe404d73a7d6e61df97b21d5a63ac26c5008c78a494373c675"},
]
markupsafe = [
    {file = "MarkupSafe-2.1.1-cp310-cp310-macosx_10_9_universal2.whl", hash = "sha256:86b1f75c4e7c2ac2ccdaec2b9022845dbb81880ca318bb7a0a01fbf7813e3812"},
    {file = "MarkupSafe-2.1.1-cp310-cp310-macosx_10_9_x86_64.whl", hash = "sha256:f121a1420d4e173a5d96e47e9a0c0dcff965afdf1626d28de1460815f7c4ee7a"},
    {file = "MarkupSafe-2.1.1-cp310-cp310-manylinux_2_17_aarch64.manylinux2014_aarch64.whl", hash = "sha256:a49907dd8420c5685cfa064a1335b6754b74541bbb3706c259c02ed65b644b3e"},
    {file = "MarkupSafe-2.1.1-cp310-cp310-manylinux_2_17_x86_64.manylinux2014_x86_64.whl", hash = "sha256:10c1bfff05d95783da83491be968e8fe789263689c02724e0c691933c52994f5"},
    {file = "MarkupSafe-2.1.1-cp310-cp310-manylinux_2_5_i686.manylinux1_i686.manylinux_2_17_i686.manylinux2014_i686.whl", hash = "sha256:b7bd98b796e2b6553da7225aeb61f447f80a1ca64f41d83612e6139ca5213aa4"},
    {file = "MarkupSafe-2.1.1-cp310-cp310-musllinux_1_1_aarch64.whl", hash = "sha256:b09bf97215625a311f669476f44b8b318b075847b49316d3e28c08e41a7a573f"},
    {file = "MarkupSafe-2.1.1-cp310-cp310-musllinux_1_1_i686.whl", hash = "sha256:694deca8d702d5db21ec83983ce0bb4b26a578e71fbdbd4fdcd387daa90e4d5e"},
    {file = "MarkupSafe-2.1.1-cp310-cp310-musllinux_1_1_x86_64.whl", hash = "sha256:efc1913fd2ca4f334418481c7e595c00aad186563bbc1ec76067848c7ca0a933"},
    {file = "MarkupSafe-2.1.1-cp310-cp310-win32.whl", hash = "sha256:4a33dea2b688b3190ee12bd7cfa29d39c9ed176bda40bfa11099a3ce5d3a7ac6"},
    {file = "MarkupSafe-2.1.1-cp310-cp310-win_amd64.whl", hash = "sha256:dda30ba7e87fbbb7eab1ec9f58678558fd9a6b8b853530e176eabd064da81417"},
    {file = "MarkupSafe-2.1.1-cp37-cp37m-macosx_10_9_x86_64.whl", hash = "sha256:671cd1187ed5e62818414afe79ed29da836dde67166a9fac6d435873c44fdd02"},
    {file = "MarkupSafe-2.1.1-cp37-cp37m-manylinux_2_17_aarch64.manylinux2014_aarch64.whl", hash = "sha256:3799351e2336dc91ea70b034983ee71cf2f9533cdff7c14c90ea126bfd95d65a"},
    {file = "MarkupSafe-2.1.1-cp37-cp37m-manylinux_2_17_x86_64.manylinux2014_x86_64.whl", hash = "sha256:e72591e9ecd94d7feb70c1cbd7be7b3ebea3f548870aa91e2732960fa4d57a37"},
    {file = "MarkupSafe-2.1.1-cp37-cp37m-manylinux_2_5_i686.manylinux1_i686.manylinux_2_17_i686.manylinux2014_i686.whl", hash = "sha256:6fbf47b5d3728c6aea2abb0589b5d30459e369baa772e0f37a0320185e87c980"},
    {file = "MarkupSafe-2.1.1-cp37-cp37m-musllinux_1_1_aarch64.whl", hash = "sha256:d5ee4f386140395a2c818d149221149c54849dfcfcb9f1debfe07a8b8bd63f9a"},
    {file = "MarkupSafe-2.1.1-cp37-cp37m-musllinux_1_1_i686.whl", hash = "sha256:bcb3ed405ed3222f9904899563d6fc492ff75cce56cba05e32eff40e6acbeaa3"},
    {file = "MarkupSafe-2.1.1-cp37-cp37m-musllinux_1_1_x86_64.whl", hash = "sha256:e1c0b87e09fa55a220f058d1d49d3fb8df88fbfab58558f1198e08c1e1de842a"},
    {file = "MarkupSafe-2.1.1-cp37-cp37m-win32.whl", hash = "sha256:8dc1c72a69aa7e082593c4a203dcf94ddb74bb5c8a731e4e1eb68d031e8498ff"},
    {file = "MarkupSafe-2.1.1-cp37-cp37m-win_amd64.whl", hash = "sha256:97a68e6ada378df82bc9f16b800ab77cbf4b2fada0081794318520138c088e4a"},
    {file = "MarkupSafe-2.1.1-cp38-cp38-macosx_10_9_universal2.whl", hash = "sha256:e8c843bbcda3a2f1e3c2ab25913c80a3c5376cd00c6e8c4a86a89a28c8dc5452"},
    {file = "MarkupSafe-2.1.1-cp38-cp38-macosx_10_9_x86_64.whl", hash = "sha256:0212a68688482dc52b2d45013df70d169f542b7394fc744c02a57374a4207003"},
    {file = "MarkupSafe-2.1.1-cp38-cp38-manylinux_2_17_aarch64.manylinux2014_aarch64.whl", hash = "sha256:8e576a51ad59e4bfaac456023a78f6b5e6e7651dcd383bcc3e18d06f9b55d6d1"},
    {file = "MarkupSafe-2.1.1-cp38-cp38-manylinux_2_17_x86_64.manylinux2014_x86_64.whl", hash = "sha256:4b9fe39a2ccc108a4accc2676e77da025ce383c108593d65cc909add5c3bd601"},
    {file = "MarkupSafe-2.1.1-cp38-cp38-manylinux_2_5_i686.manylinux1_i686.manylinux_2_17_i686.manylinux2014_i686.whl", hash = "sha256:96e37a3dc86e80bf81758c152fe66dbf60ed5eca3d26305edf01892257049925"},
    {file = "MarkupSafe-2.1.1-cp38-cp38-musllinux_1_1_aarch64.whl", hash = "sha256:6d0072fea50feec76a4c418096652f2c3238eaa014b2f94aeb1d56a66b41403f"},
    {file = "MarkupSafe-2.1.1-cp38-cp38-musllinux_1_1_i686.whl", hash = "sha256:089cf3dbf0cd6c100f02945abeb18484bd1ee57a079aefd52cffd17fba910b88"},
    {file = "MarkupSafe-2.1.1-cp38-cp38-musllinux_1_1_x86_64.whl", hash = "sha256:6a074d34ee7a5ce3effbc526b7083ec9731bb3cbf921bbe1d3005d4d2bdb3a63"},
    {file = "MarkupSafe-2.1.1-cp38-cp38-win32.whl", hash = "sha256:421be9fbf0ffe9ffd7a378aafebbf6f4602d564d34be190fc19a193232fd12b1"},
    {file = "MarkupSafe-2.1.1-cp38-cp38-win_amd64.whl", hash = "sha256:fc7b548b17d238737688817ab67deebb30e8073c95749d55538ed473130ec0c7"},
    {file = "MarkupSafe-2.1.1-cp39-cp39-macosx_10_9_universal2.whl", hash = "sha256:e04e26803c9c3851c931eac40c695602c6295b8d432cbe78609649ad9bd2da8a"},
    {file = "MarkupSafe-2.1.1-cp39-cp39-macosx_10_9_x86_64.whl", hash = "sha256:b87db4360013327109564f0e591bd2a3b318547bcef31b468a92ee504d07ae4f"},
    {file = "MarkupSafe-2.1.1-cp39-cp39-manylinux_2_17_aarch64.manylinux2014_aarch64.whl", hash = "sha256:99a2a507ed3ac881b975a2976d59f38c19386d128e7a9a18b7df6fff1fd4c1d6"},
    {file = "MarkupSafe-2.1.1-cp39-cp39-manylinux_2_17_x86_64.manylinux2014_x86_64.whl", hash = "sha256:56442863ed2b06d19c37f94d999035e15ee982988920e12a5b4ba29b62ad1f77"},
    {file = "MarkupSafe-2.1.1-cp39-cp39-manylinux_2_5_i686.manylinux1_i686.manylinux_2_17_i686.manylinux2014_i686.whl", hash = "sha256:3ce11ee3f23f79dbd06fb3d63e2f6af7b12db1d46932fe7bd8afa259a5996603"},
    {file = "MarkupSafe-2.1.1-cp39-cp39-musllinux_1_1_aarch64.whl", hash = "sha256:33b74d289bd2f5e527beadcaa3f401e0df0a89927c1559c8566c066fa4248ab7"},
    {file = "MarkupSafe-2.1.1-cp39-cp39-musllinux_1_1_i686.whl", hash = "sha256:43093fb83d8343aac0b1baa75516da6092f58f41200907ef92448ecab8825135"},
    {file = "MarkupSafe-2.1.1-cp39-cp39-musllinux_1_1_x86_64.whl", hash = "sha256:8e3dcf21f367459434c18e71b2a9532d96547aef8a871872a5bd69a715c15f96"},
    {file = "MarkupSafe-2.1.1-cp39-cp39-win32.whl", hash = "sha256:d4306c36ca495956b6d568d276ac11fdd9c30a36f1b6eb928070dc5360b22e1c"},
    {file = "MarkupSafe-2.1.1-cp39-cp39-win_amd64.whl", hash = "sha256:46d00d6cfecdde84d40e572d63735ef81423ad31184100411e6e3388d405e247"},
    {file = "MarkupSafe-2.1.1.tar.gz", hash = "sha256:7f91197cc9e48f989d12e4e6fbc46495c446636dfc81b9ccf50bb0ec74b91d4b"},
]
mpmath = [
    {file = "mpmath-1.2.1-py3-none-any.whl", hash = "sha256:604bc21bd22d2322a177c73bdb573994ef76e62edd595d17e00aff24b0667e5c"},
    {file = "mpmath-1.2.1.tar.gz", hash = "sha256:79ffb45cf9f4b101a807595bcb3e72e0396202e0b1d25d689134b48c4216a81a"},
]
nest-asyncio = [
    {file = "nest_asyncio-1.5.5-py3-none-any.whl", hash = "sha256:b98e3ec1b246135e4642eceffa5a6c23a3ab12c82ff816a92c612d68205813b2"},
    {file = "nest_asyncio-1.5.5.tar.gz", hash = "sha256:e442291cd942698be619823a17a86a5759eabe1f8613084790de189fe9e16d65"},
]
networkx = []
numpy = []
pycparser = [
    {file = "pycparser-2.21-py2.py3-none-any.whl", hash = "sha256:8ee45429555515e1f6b185e78100aea234072576aa43ab53aefcae078162fca9"},
    {file = "pycparser-2.21.tar.gz", hash = "sha256:e644fdec12f7872f86c58ff790da456218b10f863970249516d60a5eaca77206"},
]
pyjwt = []
pyqir = [
    {file = "pyqir-0.4.2a1-py3-none-any.whl", hash = "sha256:d00b93204d2fac2dc2b3c2b2fb8588e79feeb8a4231869586d2c7d50cd944ddb"},
]
pyqir-evaluator = []
pyqir-generator = []
pyqir-parser = []
pytket = []
pywin32-ctypes = [
    {file = "pywin32-ctypes-0.2.0.tar.gz", hash = "sha256:24ffc3b341d457d48e8922352130cf2644024a4ff09762a2261fd34c36ee5942"},
    {file = "pywin32_ctypes-0.2.0-py2.py3-none-any.whl", hash = "sha256:9dc2d991b3479cc2df15930958b674a48a227d5361d413827a4cfd0b5876fc98"},
]
requests = []
scipy = [
    {file = "scipy-1.8.1-cp310-cp310-macosx_10_9_x86_64.whl", hash = "sha256:65b77f20202599c51eb2771d11a6b899b97989159b7975e9b5259594f1d35ef4"},
    {file = "scipy-1.8.1-cp310-cp310-macosx_12_0_arm64.whl", hash = "sha256:e013aed00ed776d790be4cb32826adb72799c61e318676172495383ba4570aa4"},
    {file = "scipy-1.8.1-cp310-cp310-macosx_12_0_universal2.macosx_10_9_x86_64.whl", hash = "sha256:02b567e722d62bddd4ac253dafb01ce7ed8742cf8031aea030a41414b86c1125"},
    {file = "scipy-1.8.1-cp310-cp310-manylinux_2_17_aarch64.manylinux2014_aarch64.whl", hash = "sha256:1da52b45ce1a24a4a22db6c157c38b39885a990a566748fc904ec9f03ed8c6ba"},
    {file = "scipy-1.8.1-cp310-cp310-manylinux_2_17_x86_64.manylinux2014_x86_64.whl", hash = "sha256:a0aa8220b89b2e3748a2836fbfa116194378910f1a6e78e4675a095bcd2c762d"},
    {file = "scipy-1.8.1-cp310-cp310-win_amd64.whl", hash = "sha256:4e53a55f6a4f22de01ffe1d2f016e30adedb67a699a310cdcac312806807ca81"},
    {file = "scipy-1.8.1-cp38-cp38-macosx_10_9_x86_64.whl", hash = "sha256:28d2cab0c6ac5aa131cc5071a3a1d8e1366dad82288d9ec2ca44df78fb50e649"},
    {file = "scipy-1.8.1-cp38-cp38-macosx_12_0_arm64.whl", hash = "sha256:6311e3ae9cc75f77c33076cb2794fb0606f14c8f1b1c9ff8ce6005ba2c283621"},
    {file = "scipy-1.8.1-cp38-cp38-macosx_12_0_universal2.macosx_10_9_x86_64.whl", hash = "sha256:3b69b90c9419884efeffaac2c38376d6ef566e6e730a231e15722b0ab58f0328"},
    {file = "scipy-1.8.1-cp38-cp38-manylinux_2_12_i686.manylinux2010_i686.whl", hash = "sha256:6cc6b33139eb63f30725d5f7fa175763dc2df6a8f38ddf8df971f7c345b652dc"},
    {file = "scipy-1.8.1-cp38-cp38-manylinux_2_17_aarch64.manylinux2014_aarch64.whl", hash = "sha256:9c4e3ae8a716c8b3151e16c05edb1daf4cb4d866caa385e861556aff41300c14"},
    {file = "scipy-1.8.1-cp38-cp38-manylinux_2_17_x86_64.manylinux2014_x86_64.whl", hash = "sha256:23b22fbeef3807966ea42d8163322366dd89da9bebdc075da7034cee3a1441ca"},
    {file = "scipy-1.8.1-cp38-cp38-win32.whl", hash = "sha256:4b93ec6f4c3c4d041b26b5f179a6aab8f5045423117ae7a45ba9710301d7e462"},
    {file = "scipy-1.8.1-cp38-cp38-win_amd64.whl", hash = "sha256:70ebc84134cf0c504ce6a5f12d6db92cb2a8a53a49437a6bb4edca0bc101f11c"},
    {file = "scipy-1.8.1-cp39-cp39-macosx_10_9_x86_64.whl", hash = "sha256:f3e7a8867f307e3359cc0ed2c63b61a1e33a19080f92fe377bc7d49f646f2ec1"},
    {file = "scipy-1.8.1-cp39-cp39-macosx_12_0_arm64.whl", hash = "sha256:2ef0fbc8bcf102c1998c1f16f15befe7cffba90895d6e84861cd6c6a33fb54f6"},
    {file = "scipy-1.8.1-cp39-cp39-macosx_12_0_universal2.macosx_10_9_x86_64.whl", hash = "sha256:83606129247e7610b58d0e1e93d2c5133959e9cf93555d3c27e536892f1ba1f2"},
    {file = "scipy-1.8.1-cp39-cp39-manylinux_2_12_i686.manylinux2010_i686.whl", hash = "sha256:93d07494a8900d55492401917a119948ed330b8c3f1d700e0b904a578f10ead4"},
    {file = "scipy-1.8.1-cp39-cp39-manylinux_2_17_aarch64.manylinux2014_aarch64.whl", hash = "sha256:d3b3c8924252caaffc54d4a99f1360aeec001e61267595561089f8b5900821bb"},
    {file = "scipy-1.8.1-cp39-cp39-manylinux_2_17_x86_64.manylinux2014_x86_64.whl", hash = "sha256:70de2f11bf64ca9921fda018864c78af7147025e467ce9f4a11bc877266900a6"},
    {file = "scipy-1.8.1-cp39-cp39-win32.whl", hash = "sha256:1166514aa3bbf04cb5941027c6e294a000bba0cf00f5cdac6c77f2dad479b434"},
    {file = "scipy-1.8.1-cp39-cp39-win_amd64.whl", hash = "sha256:9dd4012ac599a1e7eb63c114d1eee1bcfc6dc75a29b589ff0ad0bb3d9412034f"},
    {file = "scipy-1.8.1.tar.gz", hash = "sha256:9e3fb1b0e896f14a85aa9a28d5f755daaeeb54c897b746df7a55ccb02b340f33"},
]
secretstorage = [
    {file = "SecretStorage-3.3.2-py3-none-any.whl", hash = "sha256:755dc845b6ad76dcbcbc07ea3da75ae54bb1ea529eb72d15f83d26499a5df319"},
    {file = "SecretStorage-3.3.2.tar.gz", hash = "sha256:0a8eb9645b320881c222e827c26f4cfcf55363e8b374a021981ef886657a912f"},
]
sympy = [
    {file = "sympy-1.10.1-py3-none-any.whl", hash = "sha256:df75d738930f6fe9ebe7034e59d56698f29e85f443f743e51e47df0caccc2130"},
    {file = "sympy-1.10.1.tar.gz", hash = "sha256:5939eeffdf9e152172601463626c022a2c27e75cf6278de8d401d50c9d58787b"},
]
types-pkg-resources = [
    {file = "types-pkg_resources-0.1.3.tar.gz", hash = "sha256:834a9b8d3dbea343562fd99d5d3359a726f6bf9d3733bccd2b4f3096fbab9dae"},
    {file = "types_pkg_resources-0.1.3-py2.py3-none-any.whl", hash = "sha256:0cb9972cee992249f93fff1a491bf2dc3ce674e5a1926e27d4f0866f7d9b6d9c"},
]
typing-extensions = []
urllib3 = []
websockets = [
    {file = "websockets-10.3-cp310-cp310-macosx_10_9_universal2.whl", hash = "sha256:661f641b44ed315556a2fa630239adfd77bd1b11cb0b9d96ed8ad90b0b1e4978"},
    {file = "websockets-10.3-cp310-cp310-macosx_10_9_x86_64.whl", hash = "sha256:b529fdfa881b69fe563dbd98acce84f3e5a67df13de415e143ef053ff006d500"},
    {file = "websockets-10.3-cp310-cp310-macosx_11_0_arm64.whl", hash = "sha256:f351c7d7d92f67c0609329ab2735eee0426a03022771b00102816a72715bb00b"},
    {file = "websockets-10.3-cp310-cp310-manylinux_2_17_aarch64.manylinux2014_aarch64.whl", hash = "sha256:379e03422178436af4f3abe0aa8f401aa77ae2487843738542a75faf44a31f0c"},
    {file = "websockets-10.3-cp310-cp310-manylinux_2_5_i686.manylinux1_i686.manylinux_2_12_i686.manylinux2010_i686.whl", hash = "sha256:e904c0381c014b914136c492c8fa711ca4cced4e9b3d110e5e7d436d0fc289e8"},
    {file = "websockets-10.3-cp310-cp310-manylinux_2_5_x86_64.manylinux1_x86_64.manylinux_2_12_x86_64.manylinux2010_x86_64.whl", hash = "sha256:e7e6f2d6fd48422071cc8a6f8542016f350b79cc782752de531577d35e9bd677"},
    {file = "websockets-10.3-cp310-cp310-musllinux_1_1_aarch64.whl", hash = "sha256:b9c77f0d1436ea4b4dc089ed8335fa141e6a251a92f75f675056dac4ab47a71e"},
    {file = "websockets-10.3-cp310-cp310-musllinux_1_1_i686.whl", hash = "sha256:e6fa05a680e35d0fcc1470cb070b10e6fe247af54768f488ed93542e71339d6f"},
    {file = "websockets-10.3-cp310-cp310-musllinux_1_1_x86_64.whl", hash = "sha256:2f94fa3ae454a63ea3a19f73b95deeebc9f02ba2d5617ca16f0bbdae375cda47"},
    {file = "websockets-10.3-cp310-cp310-win32.whl", hash = "sha256:6ed1d6f791eabfd9808afea1e068f5e59418e55721db8b7f3bfc39dc831c42ae"},
    {file = "websockets-10.3-cp310-cp310-win_amd64.whl", hash = "sha256:347974105bbd4ea068106ec65e8e8ebd86f28c19e529d115d89bd8cc5cda3079"},
    {file = "websockets-10.3-cp37-cp37m-macosx_10_9_x86_64.whl", hash = "sha256:fab7c640815812ed5f10fbee7abbf58788d602046b7bb3af9b1ac753a6d5e916"},
    {file = "websockets-10.3-cp37-cp37m-manylinux_2_17_aarch64.manylinux2014_aarch64.whl", hash = "sha256:994cdb1942a7a4c2e10098d9162948c9e7b235df755de91ca33f6e0481366fdb"},
    {file = "websockets-10.3-cp37-cp37m-manylinux_2_5_i686.manylinux1_i686.manylinux_2_12_i686.manylinux2010_i686.whl", hash = "sha256:aad5e300ab32036eb3fdc350ad30877210e2f51bceaca83fb7fef4d2b6c72b79"},
    {file = "websockets-10.3-cp37-cp37m-manylinux_2_5_x86_64.manylinux1_x86_64.manylinux_2_12_x86_64.manylinux2010_x86_64.whl", hash = "sha256:e49ea4c1a9543d2bd8a747ff24411509c29e4bdcde05b5b0895e2120cb1a761d"},
    {file = "websockets-10.3-cp37-cp37m-musllinux_1_1_aarch64.whl", hash = "sha256:6ea6b300a6bdd782e49922d690e11c3669828fe36fc2471408c58b93b5535a98"},
    {file = "websockets-10.3-cp37-cp37m-musllinux_1_1_i686.whl", hash = "sha256:ef5ce841e102278c1c2e98f043db99d6755b1c58bde475516aef3a008ed7f28e"},
    {file = "websockets-10.3-cp37-cp37m-musllinux_1_1_x86_64.whl", hash = "sha256:d1655a6fc7aecd333b079d00fb3c8132d18988e47f19740c69303bf02e9883c6"},
    {file = "websockets-10.3-cp37-cp37m-win32.whl", hash = "sha256:83e5ca0d5b743cde3d29fda74ccab37bdd0911f25bd4cdf09ff8b51b7b4f2fa1"},
    {file = "websockets-10.3-cp37-cp37m-win_amd64.whl", hash = "sha256:da4377904a3379f0c1b75a965fff23b28315bcd516d27f99a803720dfebd94d4"},
    {file = "websockets-10.3-cp38-cp38-macosx_10_9_universal2.whl", hash = "sha256:a1e15b230c3613e8ea82c9fc6941b2093e8eb939dd794c02754d33980ba81e36"},
    {file = "websockets-10.3-cp38-cp38-macosx_10_9_x86_64.whl", hash = "sha256:31564a67c3e4005f27815634343df688b25705cccb22bc1db621c781ddc64c69"},
    {file = "websockets-10.3-cp38-cp38-macosx_11_0_arm64.whl", hash = "sha256:c8d1d14aa0f600b5be363077b621b1b4d1eb3fbf90af83f9281cda668e6ff7fd"},
    {file = "websockets-10.3-cp38-cp38-manylinux_2_17_aarch64.manylinux2014_aarch64.whl", hash = "sha256:8fbd7d77f8aba46d43245e86dd91a8970eac4fb74c473f8e30e9c07581f852b2"},
    {file = "websockets-10.3-cp38-cp38-manylinux_2_5_i686.manylinux1_i686.manylinux_2_12_i686.manylinux2010_i686.whl", hash = "sha256:210aad7fdd381c52e58777560860c7e6110b6174488ef1d4b681c08b68bf7f8c"},
    {file = "websockets-10.3-cp38-cp38-manylinux_2_5_x86_64.manylinux1_x86_64.manylinux_2_12_x86_64.manylinux2010_x86_64.whl", hash = "sha256:6075fd24df23133c1b078e08a9b04a3bc40b31a8def4ee0b9f2c8865acce913e"},
    {file = "websockets-10.3-cp38-cp38-musllinux_1_1_aarch64.whl", hash = "sha256:7f6d96fdb0975044fdd7953b35d003b03f9e2bcf85f2d2cf86285ece53e9f991"},
    {file = "websockets-10.3-cp38-cp38-musllinux_1_1_i686.whl", hash = "sha256:c7250848ce69559756ad0086a37b82c986cd33c2d344ab87fea596c5ac6d9442"},
    {file = "websockets-10.3-cp38-cp38-musllinux_1_1_x86_64.whl", hash = "sha256:28dd20b938a57c3124028680dc1600c197294da5db4292c76a0b48efb3ed7f76"},
    {file = "websockets-10.3-cp38-cp38-win32.whl", hash = "sha256:54c000abeaff6d8771a4e2cef40900919908ea7b6b6a30eae72752607c6db559"},
    {file = "websockets-10.3-cp38-cp38-win_amd64.whl", hash = "sha256:7ab36e17af592eec5747c68ef2722a74c1a4a70f3772bc661079baf4ae30e40d"},
    {file = "websockets-10.3-cp39-cp39-macosx_10_9_universal2.whl", hash = "sha256:a141de3d5a92188234afa61653ed0bbd2dde46ad47b15c3042ffb89548e77094"},
    {file = "websockets-10.3-cp39-cp39-macosx_10_9_x86_64.whl", hash = "sha256:97bc9d41e69a7521a358f9b8e44871f6cdeb42af31815c17aed36372d4eec667"},
    {file = "websockets-10.3-cp39-cp39-macosx_11_0_arm64.whl", hash = "sha256:d6353ba89cfc657a3f5beabb3b69be226adbb5c6c7a66398e17809b0ce3c4731"},
    {file = "websockets-10.3-cp39-cp39-manylinux_2_17_aarch64.manylinux2014_aarch64.whl", hash = "sha256:ec2b0ab7edc8cd4b0eb428b38ed89079bdc20c6bdb5f889d353011038caac2f9"},
    {file = "websockets-10.3-cp39-cp39-manylinux_2_5_i686.manylinux1_i686.manylinux_2_12_i686.manylinux2010_i686.whl", hash = "sha256:85506b3328a9e083cc0a0fb3ba27e33c8db78341b3eb12eb72e8afd166c36680"},
    {file = "websockets-10.3-cp39-cp39-manylinux_2_5_x86_64.manylinux1_x86_64.manylinux_2_12_x86_64.manylinux2010_x86_64.whl", hash = "sha256:8af75085b4bc0b5c40c4a3c0e113fa95e84c60f4ed6786cbb675aeb1ee128247"},
    {file = "websockets-10.3-cp39-cp39-musllinux_1_1_aarch64.whl", hash = "sha256:07cdc0a5b2549bcfbadb585ad8471ebdc7bdf91e32e34ae3889001c1c106a6af"},
    {file = "websockets-10.3-cp39-cp39-musllinux_1_1_i686.whl", hash = "sha256:5b936bf552e4f6357f5727579072ff1e1324717902127ffe60c92d29b67b7be3"},
    {file = "websockets-10.3-cp39-cp39-musllinux_1_1_x86_64.whl", hash = "sha256:e4e08305bfd76ba8edab08dcc6496f40674f44eb9d5e23153efa0a35750337e8"},
    {file = "websockets-10.3-cp39-cp39-win32.whl", hash = "sha256:bb621ec2dbbbe8df78a27dbd9dd7919f9b7d32a73fafcb4d9252fc4637343582"},
    {file = "websockets-10.3-cp39-cp39-win_amd64.whl", hash = "sha256:51695d3b199cd03098ae5b42833006a0f43dc5418d3102972addc593a783bc02"},
    {file = "websockets-10.3-pp37-pypy37_pp73-macosx_10_9_x86_64.whl", hash = "sha256:907e8247480f287aa9bbc9391bd6de23c906d48af54c8c421df84655eef66af7"},
    {file = "websockets-10.3-pp37-pypy37_pp73-manylinux_2_17_aarch64.manylinux2014_aarch64.whl", hash = "sha256:8b1359aba0ff810d5830d5ab8e2c4a02bebf98a60aa0124fb29aa78cfdb8031f"},
    {file = "websockets-10.3-pp37-pypy37_pp73-manylinux_2_5_i686.manylinux1_i686.manylinux_2_12_i686.manylinux2010_i686.whl", hash = "sha256:93d5ea0b5da8d66d868b32c614d2b52d14304444e39e13a59566d4acb8d6e2e4"},
    {file = "websockets-10.3-pp37-pypy37_pp73-manylinux_2_5_x86_64.manylinux1_x86_64.manylinux_2_12_x86_64.manylinux2010_x86_64.whl", hash = "sha256:7934e055fd5cd9dee60f11d16c8d79c4567315824bacb1246d0208a47eca9755"},
    {file = "websockets-10.3-pp37-pypy37_pp73-win_amd64.whl", hash = "sha256:3eda1cb7e9da1b22588cefff09f0951771d6ee9fa8dbe66f5ae04cc5f26b2b55"},
    {file = "websockets-10.3.tar.gz", hash = "sha256:fc06cc8073c8e87072138ba1e431300e2d408f054b27047d047b549455066ff4"},
]
zipp = []
